
Microsoft Visual Studio Solution File, Format Version 12.00
# Visual Studio Version 17
VisualStudioVersion = 17.4.33205.214
MinimumVisualStudioVersion = 10.0.40219.1
Project("{FAE04EC0-301F-11D3-BF4B-00C04F79EFBC}") = "MS_Testing_PracticeProblem", "MS_Testing_PracticeProblem\MS_Testing_PracticeProblem.csproj", "{2845136D-BA6B-4351-B4B7-9B97D6C34EB9}"
EndProject
Project("{FAE04EC0-301F-11D3-BF4B-00C04F79EFBC}") = "TestProject1", "TestProject1\TestProject1.csproj", "{FCABD120-4C7B-47E4-811A-782E28241867}"
EndProject
Global
	GlobalSection(SolutionConfigurationPlatforms) = preSolution
		Debug|Any CPU = Debug|Any CPU
		Release|Any CPU = Release|Any CPU
	EndGlobalSection
	GlobalSection(ProjectConfigurationPlatforms) = postSolution
		{2845136D-BA6B-4351-B4B7-9B97D6C34EB9}.Debug|Any CPU.ActiveCfg = Debug|Any CPU
		{2845136D-BA6B-4351-B4B7-9B97D6C34EB9}.Debug|Any CPU.Build.0 = Debug|Any CPU
		{2845136D-BA6B-4351-B4B7-9B97D6C34EB9}.Release|Any CPU.ActiveCfg = Release|Any CPU
		{2845136D-BA6B-4351-B4B7-9B97D6C34EB9}.Release|Any CPU.Build.0 = Release|Any CPU
		{FCABD120-4C7B-47E4-811A-782E28241867}.Debug|Any CPU.ActiveCfg = Debug|Any CPU
		{FCABD120-4C7B-47E4-811A-782E28241867}.Debug|Any CPU.Build.0 = Debug|Any CPU
		{FCABD120-4C7B-47E4-811A-782E28241867}.Release|Any CPU.ActiveCfg = Release|Any CPU
		{FCABD120-4C7B-47E4-811A-782E28241867}.Release|Any CPU.Build.0 = Release|Any CPU
	EndGlobalSection
	GlobalSection(SolutionProperties) = preSolution
		HideSolutionNode = FALSE
	EndGlobalSection
	GlobalSection(ExtensibilityGlobals) = postSolution
		SolutionGuid = {7966742D-C47F-4135-B03F-E2F57E293C0F}
	EndGlobalSection
EndGlobal
